// !$*UTF8*$!
{
	archiveVersion = 1;
	classes = {
	};
	objectVersion = 56;
	objects = {

/* Begin PBXBuildFile section */
		4D22A37B2D5869E2008D456B /* AppDelegate.swift in Sources */ = {isa = PBXBuildFile; fileRef = 4D22A37A2D5869E2008D456B /* AppDelegate.swift */; };
		4D22A37D2D5869E2008D456B /* SceneDelegate.swift in Sources */ = {isa = PBXBuildFile; fileRef = 4D22A37C2D5869E2008D456B /* SceneDelegate.swift */; };
		4D22A3842D5869E3008D456B /* Assets.xcassets in Resources */ = {isa = PBXBuildFile; fileRef = 4D22A3832D5869E3008D456B /* Assets.xcassets */; };
		4D22A3872D5869E3008D456B /* LaunchScreen.storyboard in Resources */ = {isa = PBXBuildFile; fileRef = 4D22A3852D5869E3008D456B /* LaunchScreen.storyboard */; };
		4D22A3922D586C4C008D456B /* Person.swift in Sources */ = {isa = PBXBuildFile; fileRef = 4D22A3912D586C4C008D456B /* Person.swift */; };
		4D22A3972D586C92008D456B /* PeopleService.swift in Sources */ = {isa = PBXBuildFile; fileRef = 4D22A3962D586C92008D456B /* PeopleService.swift */; };
		4D22A3992D586CAE008D456B /* LocationManager.swift in Sources */ = {isa = PBXBuildFile; fileRef = 4D22A3982D586CAE008D456B /* LocationManager.swift */; };
		4D22A39C2D586CF7008D456B /* PersonCell.swift in Sources */ = {isa = PBXBuildFile; fileRef = 4D22A39B2D586CF7008D456B /* PersonCell.swift */; };
		4D22A39F2D586D33008D456B /* PeopleViewController.swift in Sources */ = {isa = PBXBuildFile; fileRef = 4D22A39E2D586D33008D456B /* PeopleViewController.swift */; };
		4D22A3A12D586D65008D456B /* SelectedPersonView.swift in Sources */ = {isa = PBXBuildFile; fileRef = 4D22A3A02D586D65008D456B /* SelectedPersonView.swift */; };
		4D22A3A42D58C68B008D456B /* PeopleView.swift in Sources */ = {isa = PBXBuildFile; fileRef = 4D22A3A32D58C68B008D456B /* PeopleView.swift */; };
		4D22A3A72D58C755008D456B /* ViewControllerFactory.swift in Sources */ = {isa = PBXBuildFile; fileRef = 4D22A3A62D58C755008D456B /* ViewControllerFactory.swift */; };
		4D22A3AA2D58C854008D456B /* PeopleViewModel.swift in Sources */ = {isa = PBXBuildFile; fileRef = 4D22A3A92D58C854008D456B /* PeopleViewModel.swift */; };
		4D22A3AD2D58CA6D008D456B /* PeopleViewModelProtocol.swift in Sources */ = {isa = PBXBuildFile; fileRef = 4D22A3AC2D58CA6D008D456B /* PeopleViewModelProtocol.swift */; };
		4D60F9132D59B8560004F375 /* NetworkServiceProtocol.swift in Sources */ = {isa = PBXBuildFile; fileRef = 4D60F9122D59B8560004F375 /* NetworkServiceProtocol.swift */; };
		4D60F9152D59B8AC0004F375 /* NetworkService.swift in Sources */ = {isa = PBXBuildFile; fileRef = 4D60F9142D59B8AC0004F375 /* NetworkService.swift */; };
		4D60F9182D5A09560004F375 /* CLLocation+Extension.swift in Sources */ = {isa = PBXBuildFile; fileRef = 4D60F9172D5A09560004F375 /* CLLocation+Extension.swift */; };
		4D60F91A2D5A0B040004F375 /* Location+Extension.swift in Sources */ = {isa = PBXBuildFile; fileRef = 4D60F9192D5A0B040004F375 /* Location+Extension.swift */; };
		4D60F91C2D5A56C00004F375 /* UIAlertController+Error.swift in Sources */ = {isa = PBXBuildFile; fileRef = 4D60F91B2D5A56C00004F375 /* UIAlertController+Error.swift */; };
/* End PBXBuildFile section */

/* Begin PBXFileReference section */
		4D22A3772D5869E2008D456B /* PeopleNearby.app */ = {isa = PBXFileReference; explicitFileType = wrapper.application; includeInIndex = 0; path = PeopleNearby.app; sourceTree = BUILT_PRODUCTS_DIR; };
		4D22A37A2D5869E2008D456B /* AppDelegate.swift */ = {isa = PBXFileReference; lastKnownFileType = sourcecode.swift; path = AppDelegate.swift; sourceTree = "<group>"; };
		4D22A37C2D5869E2008D456B /* SceneDelegate.swift */ = {isa = PBXFileReference; lastKnownFileType = sourcecode.swift; path = SceneDelegate.swift; sourceTree = "<group>"; };
		4D22A3832D5869E3008D456B /* Assets.xcassets */ = {isa = PBXFileReference; lastKnownFileType = folder.assetcatalog; path = Assets.xcassets; sourceTree = "<group>"; };
		4D22A3862D5869E3008D456B /* Base */ = {isa = PBXFileReference; lastKnownFileType = file.storyboard; name = Base; path = Base.lproj/LaunchScreen.storyboard; sourceTree = "<group>"; };
		4D22A3882D5869E3008D456B /* Info.plist */ = {isa = PBXFileReference; lastKnownFileType = text.plist.xml; path = Info.plist; sourceTree = "<group>"; };
		4D22A3912D586C4C008D456B /* Person.swift */ = {isa = PBXFileReference; lastKnownFileType = sourcecode.swift; path = Person.swift; sourceTree = "<group>"; };
		4D22A3962D586C92008D456B /* PeopleService.swift */ = {isa = PBXFileReference; lastKnownFileType = sourcecode.swift; path = PeopleService.swift; sourceTree = "<group>"; };
		4D22A3982D586CAE008D456B /* LocationManager.swift */ = {isa = PBXFileReference; lastKnownFileType = sourcecode.swift; path = LocationManager.swift; sourceTree = "<group>"; };
		4D22A39B2D586CF7008D456B /* PersonCell.swift */ = {isa = PBXFileReference; lastKnownFileType = sourcecode.swift; path = PersonCell.swift; sourceTree = "<group>"; };
		4D22A39E2D586D33008D456B /* PeopleViewController.swift */ = {isa = PBXFileReference; lastKnownFileType = sourcecode.swift; path = PeopleViewController.swift; sourceTree = "<group>"; };
		4D22A3A02D586D65008D456B /* SelectedPersonView.swift */ = {isa = PBXFileReference; lastKnownFileType = sourcecode.swift; path = SelectedPersonView.swift; sourceTree = "<group>"; };
		4D22A3A32D58C68B008D456B /* PeopleView.swift */ = {isa = PBXFileReference; lastKnownFileType = sourcecode.swift; path = PeopleView.swift; sourceTree = "<group>"; };
		4D22A3A62D58C755008D456B /* ViewControllerFactory.swift */ = {isa = PBXFileReference; lastKnownFileType = sourcecode.swift; path = ViewControllerFactory.swift; sourceTree = "<group>"; };
		4D22A3A92D58C854008D456B /* PeopleViewModel.swift */ = {isa = PBXFileReference; lastKnownFileType = sourcecode.swift; path = PeopleViewModel.swift; sourceTree = "<group>"; };
		4D22A3AC2D58CA6D008D456B /* PeopleViewModelProtocol.swift */ = {isa = PBXFileReference; lastKnownFileType = sourcecode.swift; path = PeopleViewModelProtocol.swift; sourceTree = "<group>"; };
		4D60F9122D59B8560004F375 /* NetworkServiceProtocol.swift */ = {isa = PBXFileReference; lastKnownFileType = sourcecode.swift; path = NetworkServiceProtocol.swift; sourceTree = "<group>"; };
		4D60F9142D59B8AC0004F375 /* NetworkService.swift */ = {isa = PBXFileReference; lastKnownFileType = sourcecode.swift; path = NetworkService.swift; sourceTree = "<group>"; };
		4D60F9172D5A09560004F375 /* CLLocation+Extension.swift */ = {isa = PBXFileReference; lastKnownFileType = sourcecode.swift; path = "CLLocation+Extension.swift"; sourceTree = "<group>"; };
		4D60F9192D5A0B040004F375 /* Location+Extension.swift */ = {isa = PBXFileReference; lastKnownFileType = sourcecode.swift; path = "Location+Extension.swift"; sourceTree = "<group>"; };
		4D60F91B2D5A56C00004F375 /* UIAlertController+Error.swift */ = {isa = PBXFileReference; lastKnownFileType = sourcecode.swift; path = "UIAlertController+Error.swift"; sourceTree = "<group>"; };
/* End PBXFileReference section */

/* Begin PBXFrameworksBuildPhase section */
		4D22A3742D5869E2008D456B /* Frameworks */ = {
			isa = PBXFrameworksBuildPhase;
			buildActionMask = 2147483647;
			files = (
			);
			runOnlyForDeploymentPostprocessing = 0;
		};
/* End PBXFrameworksBuildPhase section */

/* Begin PBXGroup section */
		4D22A36E2D5869E2008D456B = {
			isa = PBXGroup;
			children = (
				4D22A3792D5869E2008D456B /* PeopleNearby */,
				4D22A3782D5869E2008D456B /* Products */,
			);
			sourceTree = "<group>";
		};
		4D22A3782D5869E2008D456B /* Products */ = {
			isa = PBXGroup;
			children = (
				4D22A3772D5869E2008D456B /* PeopleNearby.app */,
			);
			name = Products;
			sourceTree = "<group>";
		};
		4D22A3792D5869E2008D456B /* PeopleNearby */ = {
			isa = PBXGroup;
			children = (
				4D22A37A2D5869E2008D456B /* AppDelegate.swift */,
				4D22A37C2D5869E2008D456B /* SceneDelegate.swift */,
				4D22A3832D5869E3008D456B /* Assets.xcassets */,
				4D22A3852D5869E3008D456B /* LaunchScreen.storyboard */,
				4D22A3882D5869E3008D456B /* Info.plist */,
				4D60F9162D5A08E20004F375 /* Extensions */,
				4D22A3AB2D58CA40008D456B /* Protocols */,
				4D22A3A52D58C73C008D456B /* Factory */,
				4D22A3A22D58C670008D456B /* UIKit */,
				4D22A3952D586C81008D456B /* Service */,
				4D22A38E2D586BF4008D456B /* Model */,
				4D22A39A2D586CBD008D456B /* View */,
				4D22A3A82D58C83B008D456B /* ViewModel */,
			);
			path = PeopleNearby;
			sourceTree = "<group>";
		};
		4D22A38E2D586BF4008D456B /* Model */ = {
			isa = PBXGroup;
			children = (
				4D22A3912D586C4C008D456B /* Person.swift */,
			);
			path = Model;
			sourceTree = "<group>";
		};
		4D22A3952D586C81008D456B /* Service */ = {
			isa = PBXGroup;
			children = (
				4D22A3962D586C92008D456B /* PeopleService.swift */,
				4D60F9142D59B8AC0004F375 /* NetworkService.swift */,
				4D22A3982D586CAE008D456B /* LocationManager.swift */,
			);
			path = Service;
			sourceTree = "<group>";
		};
		4D22A39A2D586CBD008D456B /* View */ = {
			isa = PBXGroup;
			children = (
				4D22A39E2D586D33008D456B /* PeopleViewController.swift */,
				4D22A3A32D58C68B008D456B /* PeopleView.swift */,
			);
			path = View;
			sourceTree = "<group>";
		};
		4D22A3A22D58C670008D456B /* UIKit */ = {
			isa = PBXGroup;
			children = (
				4D22A39B2D586CF7008D456B /* PersonCell.swift */,
				4D22A3A02D586D65008D456B /* SelectedPersonView.swift */,
			);
			path = UIKit;
			sourceTree = "<group>";
		};
		4D22A3A52D58C73C008D456B /* Factory */ = {
			isa = PBXGroup;
			children = (
				4D22A3A62D58C755008D456B /* ViewControllerFactory.swift */,
			);
			path = Factory;
			sourceTree = "<group>";
		};
		4D22A3A82D58C83B008D456B /* ViewModel */ = {
			isa = PBXGroup;
			children = (
				4D22A3A92D58C854008D456B /* PeopleViewModel.swift */,
			);
			path = ViewModel;
			sourceTree = "<group>";
		};
		4D22A3AB2D58CA40008D456B /* Protocols */ = {
			isa = PBXGroup;
			children = (
				4D22A3AC2D58CA6D008D456B /* PeopleViewModelProtocol.swift */,
				4D60F9122D59B8560004F375 /* NetworkServiceProtocol.swift */,
			);
			path = Protocols;
			sourceTree = "<group>";
		};
		4D60F9162D5A08E20004F375 /* Extensions */ = {
			isa = PBXGroup;
			children = (
				4D60F9172D5A09560004F375 /* CLLocation+Extension.swift */,
				4D60F9192D5A0B040004F375 /* Location+Extension.swift */,
				4D60F91B2D5A56C00004F375 /* UIAlertController+Error.swift */,
			);
			path = Extensions;
			sourceTree = "<group>";
		};
/* End PBXGroup section */

/* Begin PBXNativeTarget section */
		4D22A3762D5869E2008D456B /* PeopleNearby */ = {
			isa = PBXNativeTarget;
			buildConfigurationList = 4D22A38B2D5869E3008D456B /* Build configuration list for PBXNativeTarget "PeopleNearby" */;
			buildPhases = (
				4D22A3732D5869E2008D456B /* Sources */,
				4D22A3742D5869E2008D456B /* Frameworks */,
				4D22A3752D5869E2008D456B /* Resources */,
			);
			buildRules = (
			);
			dependencies = (
			);
			name = PeopleNearby;
			productName = PeopleNearby;
			productReference = 4D22A3772D5869E2008D456B /* PeopleNearby.app */;
			productType = "com.apple.product-type.application";
		};
/* End PBXNativeTarget section */

/* Begin PBXProject section */
		4D22A36F2D5869E2008D456B /* Project object */ = {
			isa = PBXProject;
			attributes = {
				BuildIndependentTargetsInParallel = 1;
				LastSwiftUpdateCheck = 1510;
				LastUpgradeCheck = 1510;
				TargetAttributes = {
					4D22A3762D5869E2008D456B = {
						CreatedOnToolsVersion = 15.1;
					};
				};
			};
			buildConfigurationList = 4D22A3722D5869E2008D456B /* Build configuration list for PBXProject "PeopleNearby" */;
			compatibilityVersion = "Xcode 14.0";
			developmentRegion = en;
			hasScannedForEncodings = 0;
			knownRegions = (
				en,
				Base,
			);
			mainGroup = 4D22A36E2D5869E2008D456B;
			productRefGroup = 4D22A3782D5869E2008D456B /* Products */;
			projectDirPath = "";
			projectRoot = "";
			targets = (
				4D22A3762D5869E2008D456B /* PeopleNearby */,
			);
		};
/* End PBXProject section */

/* Begin PBXResourcesBuildPhase section */
		4D22A3752D5869E2008D456B /* Resources */ = {
			isa = PBXResourcesBuildPhase;
			buildActionMask = 2147483647;
			files = (
				4D22A3872D5869E3008D456B /* LaunchScreen.storyboard in Resources */,
				4D22A3842D5869E3008D456B /* Assets.xcassets in Resources */,
			);
			runOnlyForDeploymentPostprocessing = 0;
		};
/* End PBXResourcesBuildPhase section */

/* Begin PBXSourcesBuildPhase section */
		4D22A3732D5869E2008D456B /* Sources */ = {
			isa = PBXSourcesBuildPhase;
			buildActionMask = 2147483647;
			files = (
				4D22A3922D586C4C008D456B /* Person.swift in Sources */,
				4D60F91C2D5A56C00004F375 /* UIAlertController+Error.swift in Sources */,
				4D22A3AA2D58C854008D456B /* PeopleViewModel.swift in Sources */,
				4D22A3A42D58C68B008D456B /* PeopleView.swift in Sources */,
				4D22A3972D586C92008D456B /* PeopleService.swift in Sources */,
				4D60F91A2D5A0B040004F375 /* Location+Extension.swift in Sources */,
				4D22A3992D586CAE008D456B /* LocationManager.swift in Sources */,
				4D22A37B2D5869E2008D456B /* AppDelegate.swift in Sources */,
				4D60F9182D5A09560004F375 /* CLLocation+Extension.swift in Sources */,
				4D60F9152D59B8AC0004F375 /* NetworkService.swift in Sources */,
				4D22A39F2D586D33008D456B /* PeopleViewController.swift in Sources */,
				4D22A37D2D5869E2008D456B /* SceneDelegate.swift in Sources */,
				4D22A3A12D586D65008D456B /* SelectedPersonView.swift in Sources */,
				4D22A39C2D586CF7008D456B /* PersonCell.swift in Sources */,
				4D22A3AD2D58CA6D008D456B /* PeopleViewModelProtocol.swift in Sources */,
				4D60F9132D59B8560004F375 /* NetworkServiceProtocol.swift in Sources */,
				4D22A3A72D58C755008D456B /* ViewControllerFactory.swift in Sources */,
			);
			runOnlyForDeploymentPostprocessing = 0;
		};
/* End PBXSourcesBuildPhase section */

/* Begin PBXVariantGroup section */
		4D22A3852D5869E3008D456B /* LaunchScreen.storyboard */ = {
			isa = PBXVariantGroup;
			children = (
				4D22A3862D5869E3008D456B /* Base */,
			);
			name = LaunchScreen.storyboard;
			sourceTree = "<group>";
		};
/* End PBXVariantGroup section */

/* Begin XCBuildConfiguration section */
		4D22A3892D5869E3008D456B /* Debug */ = {
			isa = XCBuildConfiguration;
			buildSettings = {
				ALWAYS_SEARCH_USER_PATHS = NO;
				ASSETCATALOG_COMPILER_GENERATE_SWIFT_ASSET_SYMBOL_EXTENSIONS = YES;
				CLANG_ANALYZER_NONNULL = YES;
				CLANG_ANALYZER_NUMBER_OBJECT_CONVERSION = YES_AGGRESSIVE;
				CLANG_CXX_LANGUAGE_STANDARD = "gnu++20";
				CLANG_ENABLE_MODULES = YES;
				CLANG_ENABLE_OBJC_ARC = YES;
				CLANG_ENABLE_OBJC_WEAK = YES;
				CLANG_WARN_BLOCK_CAPTURE_AUTORELEASING = YES;
				CLANG_WARN_BOOL_CONVERSION = YES;
				CLANG_WARN_COMMA = YES;
				CLANG_WARN_CONSTANT_CONVERSION = YES;
				CLANG_WARN_DEPRECATED_OBJC_IMPLEMENTATIONS = YES;
				CLANG_WARN_DIRECT_OBJC_ISA_USAGE = YES_ERROR;
				CLANG_WARN_DOCUMENTATION_COMMENTS = YES;
				CLANG_WARN_EMPTY_BODY = YES;
				CLANG_WARN_ENUM_CONVERSION = YES;
				CLANG_WARN_INFINITE_RECURSION = YES;
				CLANG_WARN_INT_CONVERSION = YES;
				CLANG_WARN_NON_LITERAL_NULL_CONVERSION = YES;
				CLANG_WARN_OBJC_IMPLICIT_RETAIN_SELF = YES;
				CLANG_WARN_OBJC_LITERAL_CONVERSION = YES;
				CLANG_WARN_OBJC_ROOT_CLASS = YES_ERROR;
				CLANG_WARN_QUOTED_INCLUDE_IN_FRAMEWORK_HEADER = YES;
				CLANG_WARN_RANGE_LOOP_ANALYSIS = YES;
				CLANG_WARN_STRICT_PROTOTYPES = YES;
				CLANG_WARN_SUSPICIOUS_MOVE = YES;
				CLANG_WARN_UNGUARDED_AVAILABILITY = YES_AGGRESSIVE;
				CLANG_WARN_UNREACHABLE_CODE = YES;
				CLANG_WARN__DUPLICATE_METHOD_MATCH = YES;
				COPY_PHASE_STRIP = NO;
				DEBUG_INFORMATION_FORMAT = dwarf;
				ENABLE_STRICT_OBJC_MSGSEND = YES;
				ENABLE_TESTABILITY = YES;
				ENABLE_USER_SCRIPT_SANDBOXING = YES;
				GCC_C_LANGUAGE_STANDARD = gnu17;
				GCC_DYNAMIC_NO_PIC = NO;
				GCC_NO_COMMON_BLOCKS = YES;
				GCC_OPTIMIZATION_LEVEL = 0;
				GCC_PREPROCESSOR_DEFINITIONS = (
					"DEBUG=1",
					"$(inherited)",
				);
				GCC_WARN_64_TO_32_BIT_CONVERSION = YES;
				GCC_WARN_ABOUT_RETURN_TYPE = YES_ERROR;
				GCC_WARN_UNDECLARED_SELECTOR = YES;
				GCC_WARN_UNINITIALIZED_AUTOS = YES_AGGRESSIVE;
				GCC_WARN_UNUSED_FUNCTION = YES;
				GCC_WARN_UNUSED_VARIABLE = YES;
				IPHONEOS_DEPLOYMENT_TARGET = 15.0;
				LOCALIZATION_PREFERS_STRING_CATALOGS = YES;
				MTL_ENABLE_DEBUG_INFO = INCLUDE_SOURCE;
				MTL_FAST_MATH = YES;
				ONLY_ACTIVE_ARCH = YES;
				SDKROOT = iphoneos;
				SWIFT_ACTIVE_COMPILATION_CONDITIONS = "DEBUG $(inherited)";
				SWIFT_OPTIMIZATION_LEVEL = "-Onone";
			};
			name = Debug;
		};
		4D22A38A2D5869E3008D456B /* Release */ = {
			isa = XCBuildConfiguration;
			buildSettings = {
				ALWAYS_SEARCH_USER_PATHS = NO;
				ASSETCATALOG_COMPILER_GENERATE_SWIFT_ASSET_SYMBOL_EXTENSIONS = YES;
				CLANG_ANALYZER_NONNULL = YES;
				CLANG_ANALYZER_NUMBER_OBJECT_CONVERSION = YES_AGGRESSIVE;
				CLANG_CXX_LANGUAGE_STANDARD = "gnu++20";
				CLANG_ENABLE_MODULES = YES;
				CLANG_ENABLE_OBJC_ARC = YES;
				CLANG_ENABLE_OBJC_WEAK = YES;
				CLANG_WARN_BLOCK_CAPTURE_AUTORELEASING = YES;
				CLANG_WARN_BOOL_CONVERSION = YES;
				CLANG_WARN_COMMA = YES;
				CLANG_WARN_CONSTANT_CONVERSION = YES;
				CLANG_WARN_DEPRECATED_OBJC_IMPLEMENTATIONS = YES;
				CLANG_WARN_DIRECT_OBJC_ISA_USAGE = YES_ERROR;
				CLANG_WARN_DOCUMENTATION_COMMENTS = YES;
				CLANG_WARN_EMPTY_BODY = YES;
				CLANG_WARN_ENUM_CONVERSION = YES;
				CLANG_WARN_INFINITE_RECURSION = YES;
				CLANG_WARN_INT_CONVERSION = YES;
				CLANG_WARN_NON_LITERAL_NULL_CONVERSION = YES;
				CLANG_WARN_OBJC_IMPLICIT_RETAIN_SELF = YES;
				CLANG_WARN_OBJC_LITERAL_CONVERSION = YES;
				CLANG_WARN_OBJC_ROOT_CLASS = YES_ERROR;
				CLANG_WARN_QUOTED_INCLUDE_IN_FRAMEWORK_HEADER = YES;
				CLANG_WARN_RANGE_LOOP_ANALYSIS = YES;
				CLANG_WARN_STRICT_PROTOTYPES = YES;
				CLANG_WARN_SUSPICIOUS_MOVE = YES;
				CLANG_WARN_UNGUARDED_AVAILABILITY = YES_AGGRESSIVE;
				CLANG_WARN_UNREACHABLE_CODE = YES;
				CLANG_WARN__DUPLICATE_METHOD_MATCH = YES;
				COPY_PHASE_STRIP = NO;
				DEBUG_INFORMATION_FORMAT = "dwarf-with-dsym";
				ENABLE_NS_ASSERTIONS = NO;
				ENABLE_STRICT_OBJC_MSGSEND = YES;
				ENABLE_USER_SCRIPT_SANDBOXING = YES;
				GCC_C_LANGUAGE_STANDARD = gnu17;
				GCC_NO_COMMON_BLOCKS = YES;
				GCC_WARN_64_TO_32_BIT_CONVERSION = YES;
				GCC_WARN_ABOUT_RETURN_TYPE = YES_ERROR;
				GCC_WARN_UNDECLARED_SELECTOR = YES;
				GCC_WARN_UNINITIALIZED_AUTOS = YES_AGGRESSIVE;
				GCC_WARN_UNUSED_FUNCTION = YES;
				GCC_WARN_UNUSED_VARIABLE = YES;
				IPHONEOS_DEPLOYMENT_TARGET = 15.0;
				LOCALIZATION_PREFERS_STRING_CATALOGS = YES;
				MTL_ENABLE_DEBUG_INFO = NO;
				MTL_FAST_MATH = YES;
				SDKROOT = iphoneos;
				SWIFT_COMPILATION_MODE = wholemodule;
				VALIDATE_PRODUCT = YES;
			};
			name = Release;
		};
		4D22A38C2D5869E3008D456B /* Debug */ = {
			isa = XCBuildConfiguration;
			buildSettings = {
				ASSETCATALOG_COMPILER_APPICON_NAME = AppIcon;
				ASSETCATALOG_COMPILER_GLOBAL_ACCENT_COLOR_NAME = AccentColor;
				CODE_SIGN_STYLE = Automatic;
				CURRENT_PROJECT_VERSION = 1;
				DEVELOPMENT_TEAM = GF5L9B2GCL;
				GENERATE_INFOPLIST_FILE = YES;
				INFOPLIST_FILE = PeopleNearby/Info.plist;
				INFOPLIST_KEY_UIApplicationSupportsIndirectInputEvents = YES;
				INFOPLIST_KEY_UILaunchStoryboardName = LaunchScreen;
				INFOPLIST_KEY_UISupportedInterfaceOrientations = UIInterfaceOrientationPortrait;
				INFOPLIST_KEY_UISupportedInterfaceOrientations_iPad = "UIInterfaceOrientationLandscapeLeft UIInterfaceOrientationLandscapeRight UIInterfaceOrientationPortrait UIInterfaceOrientationPortraitUpsideDown";
				IPHONEOS_DEPLOYMENT_TARGET = 15.0;
				LD_RUNPATH_SEARCH_PATHS = (
					"$(inherited)",
					"@executable_path/Frameworks",
				);
				MARKETING_VERSION = 1.0;
				PRODUCT_BUNDLE_IDENTIFIER = com.PeopleNearby;
				PRODUCT_NAME = "$(TARGET_NAME)";
				SUPPORTED_PLATFORMS = "iphoneos iphonesimulator";
				SUPPORTS_MACCATALYST = NO;
				SUPPORTS_MAC_DESIGNED_FOR_IPHONE_IPAD = NO;
				SWIFT_EMIT_LOC_STRINGS = YES;
				SWIFT_VERSION = 5.0;
				TARGETED_DEVICE_FAMILY = 1;
			};
			name = Debug;
		};
		4D22A38D2D5869E3008D456B /* Release */ = {
			isa = XCBuildConfiguration;
			buildSettings = {
				ASSETCATALOG_COMPILER_APPICON_NAME = AppIcon;
				ASSETCATALOG_COMPILER_GLOBAL_ACCENT_COLOR_NAME = AccentColor;
				CODE_SIGN_STYLE = Automatic;
				CURRENT_PROJECT_VERSION = 1;
				DEVELOPMENT_TEAM = GF5L9B2GCL;
				GENERATE_INFOPLIST_FILE = YES;
				INFOPLIST_FILE = PeopleNearby/Info.plist;
				INFOPLIST_KEY_UIApplicationSupportsIndirectInputEvents = YES;
				INFOPLIST_KEY_UILaunchStoryboardName = LaunchScreen;
				INFOPLIST_KEY_UISupportedInterfaceOrientations = UIInterfaceOrientationPortrait;
				INFOPLIST_KEY_UISupportedInterfaceOrientations_iPad = "UIInterfaceOrientationLandscapeLeft UIInterfaceOrientationLandscapeRight UIInterfaceOrientationPortrait UIInterfaceOrientationPortraitUpsideDown";
				IPHONEOS_DEPLOYMENT_TARGET = 15.0;
				LD_RUNPATH_SEARCH_PATHS = (
					"$(inherited)",
					"@executable_path/Frameworks",
				);
				MARKETING_VERSION = 1.0;
				PRODUCT_BUNDLE_IDENTIFIER = com.PeopleNearby;
				PRODUCT_NAME = "$(TARGET_NAME)";
				SUPPORTED_PLATFORMS = "iphoneos iphonesimulator";
				SUPPORTS_MACCATALYST = NO;
				SUPPORTS_MAC_DESIGNED_FOR_IPHONE_IPAD = NO;
				SWIFT_EMIT_LOC_STRINGS = YES;
				SWIFT_VERSION = 5.0;
				TARGETED_DEVICE_FAMILY = 1;
			};
			name = Release;
		};
/* End XCBuildConfiguration section */

/* Begin XCConfigurationList section */
		4D22A3722D5869E2008D456B /* Build configuration list for PBXProject "PeopleNearby" */ = {
			isa = XCConfigurationList;
			buildConfigurations = (
				4D22A3892D5869E3008D456B /* Debug */,
				4D22A38A2D5869E3008D456B /* Release */,
			);
			defaultConfigurationIsVisible = 0;
			defaultConfigurationName = Release;
		};
		4D22A38B2D5869E3008D456B /* Build configuration list for PBXNativeTarget "PeopleNearby" */ = {
			isa = XCConfigurationList;
			buildConfigurations = (
				4D22A38C2D5869E3008D456B /* Debug */,
				4D22A38D2D5869E3008D456B /* Release */,
			);
			defaultConfigurationIsVisible = 0;
			defaultConfigurationName = Release;
		};
/* End XCConfigurationList section */
	};
	rootObject = 4D22A36F2D5869E2008D456B /* Project object */;
}
